
Microsoft Visual Studio Solution File, Format Version 12.00
Project("{FAE04EC0-301F-11D3-BF4B-00C04F79EFBC}") = "Nortnite", "Nortnite\Nortnite.csproj", "{395A7F9B-C9C0-4645-B855-E1EBE98EC6AF}"
EndProject
Global
	GlobalSection(SolutionConfigurationPlatforms) = preSolution
		Debug|Any CPU = Debug|Any CPU
		Release|Any CPU = Release|Any CPU
	EndGlobalSection
	GlobalSection(ProjectConfigurationPlatforms) = postSolution
		{395A7F9B-C9C0-4645-B855-E1EBE98EC6AF}.Debug|Any CPU.ActiveCfg = Debug|Any CPU
		{395A7F9B-C9C0-4645-B855-E1EBE98EC6AF}.Debug|Any CPU.Build.0 = Debug|Any CPU
		{395A7F9B-C9C0-4645-B855-E1EBE98EC6AF}.Release|Any CPU.ActiveCfg = Release|Any CPU
		{395A7F9B-C9C0-4645-B855-E1EBE98EC6AF}.Release|Any CPU.Build.0 = Release|Any CPU
	EndGlobalSection
EndGlobal
